
Microsoft Visual Studio Solution File, Format Version 12.00
# Visual Studio Version 17
VisualStudioVersion = 17.10.35013.160
MinimumVisualStudioVersion = 10.0.40219.1
Project("{FAE04EC0-301F-11D3-BF4B-00C04F79EFBC}") = "MVC-ADO", "MVC-ADO\MVC-ADO.csproj", "{FC7E9792-82B3-4E4F-AAA2-8649D2CD9026}"
EndProject
Global
	GlobalSection(SolutionConfigurationPlatforms) = preSolution
		Debug|Any CPU = Debug|Any CPU
		Release|Any CPU = Release|Any CPU
	EndGlobalSection
	GlobalSection(ProjectConfigurationPlatforms) = postSolution
		{FC7E9792-82B3-4E4F-AAA2-8649D2CD9026}.Debug|Any CPU.ActiveCfg = Debug|Any CPU
		{FC7E9792-82B3-4E4F-AAA2-8649D2CD9026}.Debug|Any CPU.Build.0 = Debug|Any CPU
		{FC7E9792-82B3-4E4F-AAA2-8649D2CD9026}.Release|Any CPU.ActiveCfg = Release|Any CPU
		{FC7E9792-82B3-4E4F-AAA2-8649D2CD9026}.Release|Any CPU.Build.0 = Release|Any CPU
	EndGlobalSection
	GlobalSection(SolutionProperties) = preSolution
		HideSolutionNode = FALSE
	EndGlobalSection
	GlobalSection(ExtensibilityGlobals) = postSolution
		SolutionGuid = {7C6DA966-B594-43B1-9796-E7B5C7CF5850}
	EndGlobalSection
EndGlobal
