
Microsoft Visual Studio Solution File, Format Version 12.00
# Visual Studio Version 17
VisualStudioVersion = 17.13.35825.156 d17.13
MinimumVisualStudioVersion = 10.0.40219.1
Project("{FAE04EC0-301F-11D3-BF4B-00C04F79EFBC}") = "CustomerApp", "CustomerApp\CustomerApp.csproj", "{9BF71F7A-05DF-4CA1-90F3-398C09915FED}"
EndProject
Global
	GlobalSection(SolutionConfigurationPlatforms) = preSolution
		Debug|Any CPU = Debug|Any CPU
		Release|Any CPU = Release|Any CPU
	EndGlobalSection
	GlobalSection(ProjectConfigurationPlatforms) = postSolution
		{9BF71F7A-05DF-4CA1-90F3-398C09915FED}.Debug|Any CPU.ActiveCfg = Debug|Any CPU
		{9BF71F7A-05DF-4CA1-90F3-398C09915FED}.Debug|Any CPU.Build.0 = Debug|Any CPU
		{9BF71F7A-05DF-4CA1-90F3-398C09915FED}.Release|Any CPU.ActiveCfg = Release|Any CPU
		{9BF71F7A-05DF-4CA1-90F3-398C09915FED}.Release|Any CPU.Build.0 = Release|Any CPU
	EndGlobalSection
	GlobalSection(SolutionProperties) = preSolution
		HideSolutionNode = FALSE
	EndGlobalSection
	GlobalSection(ExtensibilityGlobals) = postSolution
		SolutionGuid = {EA1158C5-1E6D-4EC2-8A4F-D17C89C0131B}
	EndGlobalSection
EndGlobal
